{
  "name": "fulcro",
  "version": "1.0.0",
  "lockfileVersion": 1,
  "requires": true,
  "dependencies": {
    "asn1.js": {
      "version": "4.10.1",
      "resolved": "https://artifactory.dev.janitza.cloud/artifactory/api/npm/npm-all/asn1.js/-/asn1.js-4.10.1.tgz",
      "integrity": "sha1-ucK/WAXx5kqt7tbfOiv6+1pz9aA=",
      "requires": {
        "bn.js": "^4.0.0",
        "inherits": "^2.0.1",
        "minimalistic-assert": "^1.0.0"
      },
      "dependencies": {
        "bn.js": {
          "version": "4.11.8",
          "resolved": "https://artifactory.dev.janitza.cloud/artifactory/api/npm/npm-all/bn.js/-/bn.js-4.11.8.tgz",
          "integrity": "sha1-LN4J617jQfSEdGuwMJsyU7GxRC8="
        }
      }
    },
    "assert": {
      "version": "1.5.0",
      "resolved": "https://artifactory.dev.janitza.cloud/artifactory/api/npm/npm-all/assert/-/assert-1.5.0.tgz",
      "integrity": "sha1-VcEJqvbgrv2z3EtxJAxwv1dLGOs=",
      "requires": {
        "object-assign": "^4.1.1",
        "util": "0.10.3"
      },
      "dependencies": {
        "util": {
          "version": "0.10.3",
          "resolved": "https://artifactory.dev.janitza.cloud/artifactory/api/npm/npm-all/util/-/util-0.10.3.tgz",
          "integrity": "sha1-evsa/lCAUkZInj23/g7TeTNqwPk=",
          "requires": {
            "inherits": "2.0.1"
          }
        }
      }
    },
    "async-limiter": {
      "version": "1.0.1",
      "resolved": "https://artifactory.dev.janitza.cloud/artifactory/api/npm/npm-all/async-limiter/-/async-limiter-1.0.1.tgz",
      "integrity": "sha1-3TeelPDbgxCwgpH51kwyCXZmF/0="
    },
    "base64-js": {
      "version": "1.3.1",
      "resolved": "https://artifactory.dev.janitza.cloud/artifactory/api/npm/npm-all/base64-js/-/base64-js-1.3.1.tgz",
      "integrity": "sha1-WOzoy3XdB+ce0IxzarxfrE2/jfE="
    },
    "bn.js": {
      "version": "5.1.1",
      "resolved": "https://artifactory.dev.janitza.cloud/artifactory/api/npm/npm-all/bn.js/-/bn.js-5.1.1.tgz",
      "integrity": "sha1-SO/EAxqcQEG5yZxpQdkDRjq2LrU="
    },
    "brorand": {
      "version": "1.1.0",
      "resolved": "https://artifactory.dev.janitza.cloud/artifactory/api/npm/npm-all/brorand/-/brorand-1.1.0.tgz",
      "integrity": "sha1-EsJe/kCkXjwyPrhnWgoM5XsiNx8="
    },
    "browserify-aes": {
      "version": "1.2.0",
      "resolved": "https://artifactory.dev.janitza.cloud/artifactory/api/npm/npm-all/browserify-aes/-/browserify-aes-1.2.0.tgz",
      "integrity": "sha1-Mmc0ZC9APavDADIJhTu3CtQo70g=",
      "requires": {
        "buffer-xor": "^1.0.3",
        "cipher-base": "^1.0.0",
        "create-hash": "^1.1.0",
        "evp_bytestokey": "^1.0.3",
        "inherits": "^2.0.1",
        "safe-buffer": "^5.0.1"
      }
    },
    "browserify-cipher": {
      "version": "1.0.1",
      "resolved": "https://artifactory.dev.janitza.cloud/artifactory/api/npm/npm-all/browserify-cipher/-/browserify-cipher-1.0.1.tgz",
      "integrity": "sha1-jWR0wbhwv9q807z8wZNKEOlPFfA=",
      "requires": {
        "browserify-aes": "^1.0.4",
        "browserify-des": "^1.0.0",
        "evp_bytestokey": "^1.0.0"
      }
    },
    "browserify-des": {
      "version": "1.0.2",
      "resolved": "https://artifactory.dev.janitza.cloud/artifactory/api/npm/npm-all/browserify-des/-/browserify-des-1.0.2.tgz",
      "integrity": "sha1-OvTx9Zg5QDVy8cZiBDdfen9wPpw=",
      "requires": {
        "cipher-base": "^1.0.1",
        "des.js": "^1.0.0",
        "inherits": "^2.0.1",
        "safe-buffer": "^5.1.2"
      }
    },
    "browserify-rsa": {
      "version": "4.0.1",
      "resolved": "https://artifactory.dev.janitza.cloud/artifactory/api/npm/npm-all/browserify-rsa/-/browserify-rsa-4.0.1.tgz",
      "integrity": "sha1-IeCr+vbyApzy+vsTNWenAdQTVSQ=",
      "requires": {
        "bn.js": "^4.1.0",
        "randombytes": "^2.0.1"
      },
      "dependencies": {
        "bn.js": {
          "version": "4.11.8",
          "resolved": "https://artifactory.dev.janitza.cloud/artifactory/api/npm/npm-all/bn.js/-/bn.js-4.11.8.tgz",
          "integrity": "sha1-LN4J617jQfSEdGuwMJsyU7GxRC8="
        }
      }
    },
    "browserify-sign": {
      "version": "4.1.0",
      "resolved": "https://artifactory.dev.janitza.cloud/artifactory/api/npm/npm-all/browserify-sign/-/browserify-sign-4.1.0.tgz",
      "integrity": "sha1-T+lxs3mlrrSSXgZ3n5+h9B0knXA=",
      "requires": {
        "bn.js": "^5.1.1",
        "browserify-rsa": "^4.0.1",
        "create-hash": "^1.2.0",
        "create-hmac": "^1.1.7",
        "elliptic": "^6.5.2",
        "inherits": "^2.0.4",
        "parse-asn1": "^5.1.5",
        "readable-stream": "^3.6.0"
      },
      "dependencies": {
        "inherits": {
          "version": "2.0.4",
          "resolved": "https://artifactory.dev.janitza.cloud/artifactory/api/npm/npm-all/inherits/-/inherits-2.0.4.tgz",
          "integrity": "sha1-D6LGT5MpF8NDOg3tVTY6rjdBa3w="
        },
        "readable-stream": {
          "version": "3.6.0",
          "resolved": "https://artifactory.dev.janitza.cloud/artifactory/api/npm/npm-all/readable-stream/-/readable-stream-3.6.0.tgz",
          "integrity": "sha1-M3u9o63AcGvT4CRCaihtS0sskZg=",
          "requires": {
            "inherits": "^2.0.3",
            "string_decoder": "^1.1.1",
            "util-deprecate": "^1.0.1"
          }
        }
      }
    },
    "browserify-zlib": {
      "version": "0.2.0",
      "resolved": "https://artifactory.dev.janitza.cloud/artifactory/api/npm/npm-all/browserify-zlib/-/browserify-zlib-0.2.0.tgz",
      "integrity": "sha1-KGlFnZqjviRf6P4sofRuLn9U1z8=",
      "requires": {
        "pako": "~1.0.5"
      }
    },
    "buffer": {
      "version": "4.9.2",
      "resolved": "https://artifactory.dev.janitza.cloud/artifactory/api/npm/npm-all/buffer/-/buffer-4.9.2.tgz",
      "integrity": "sha1-Iw6tNEACmIZEhBqwJEr4xEu+Pvg=",
      "requires": {
        "base64-js": "^1.0.2",
        "ieee754": "^1.1.4",
        "isarray": "^1.0.0"
      }
    },
    "buffer-xor": {
      "version": "1.0.3",
      "resolved": "https://artifactory.dev.janitza.cloud/artifactory/api/npm/npm-all/buffer-xor/-/buffer-xor-1.0.3.tgz",
      "integrity": "sha1-JuYe0UIvtw3ULm42cp7VHYVf6Nk="
    },
    "builtin-status-codes": {
      "version": "3.0.0",
      "resolved": "https://artifactory.dev.janitza.cloud/artifactory/api/npm/npm-all/builtin-status-codes/-/builtin-status-codes-3.0.0.tgz",
      "integrity": "sha1-hZgoeOIbmOHGZCXgPQF0eI9Wnug="
    },
    "cipher-base": {
      "version": "1.0.4",
      "resolved": "https://artifactory.dev.janitza.cloud/artifactory/api/npm/npm-all/cipher-base/-/cipher-base-1.0.4.tgz",
      "integrity": "sha1-h2Dk7MJy9MNjUy+SbYdKriwTl94=",
      "requires": {
        "inherits": "^2.0.1",
        "safe-buffer": "^5.0.1"
      }
    },
    "console-browserify": {
      "version": "1.2.0",
      "resolved": "https://artifactory.dev.janitza.cloud/artifactory/api/npm/npm-all/console-browserify/-/console-browserify-1.2.0.tgz",
      "integrity": "sha1-ZwY871fOts9Jk6KrOlWECujEkzY="
    },
    "constants-browserify": {
      "version": "1.0.0",
      "resolved": "https://artifactory.dev.janitza.cloud/artifactory/api/npm/npm-all/constants-browserify/-/constants-browserify-1.0.0.tgz",
      "integrity": "sha1-wguW2MYXdIqvHBYCF2DNJ/y4y3U="
    },
    "core-util-is": {
      "version": "1.0.2",
      "resolved": "https://artifactory.dev.janitza.cloud/artifactory/api/npm/npm-all/core-util-is/-/core-util-is-1.0.2.tgz",
      "integrity": "sha1-tf1UIgqivFq1eqtxQMlAdUUDwac="
    },
    "create-ecdh": {
      "version": "4.0.3",
      "resolved": "https://artifactory.dev.janitza.cloud/artifactory/api/npm/npm-all/create-ecdh/-/create-ecdh-4.0.3.tgz",
      "integrity": "sha1-yREbbzMEXEaX8UR4f5JUzcd8Rf8=",
      "requires": {
        "bn.js": "^4.1.0",
        "elliptic": "^6.0.0"
      },
      "dependencies": {
        "bn.js": {
          "version": "4.11.8",
          "resolved": "https://artifactory.dev.janitza.cloud/artifactory/api/npm/npm-all/bn.js/-/bn.js-4.11.8.tgz",
          "integrity": "sha1-LN4J617jQfSEdGuwMJsyU7GxRC8="
        }
      }
    },
    "create-hash": {
      "version": "1.2.0",
      "resolved": "https://artifactory.dev.janitza.cloud/artifactory/api/npm/npm-all/create-hash/-/create-hash-1.2.0.tgz",
      "integrity": "sha1-iJB4rxGmN1a8+1m9IhmWvjqe8ZY=",
      "requires": {
        "cipher-base": "^1.0.1",
        "inherits": "^2.0.1",
        "md5.js": "^1.3.4",
        "ripemd160": "^2.0.1",
        "sha.js": "^2.4.0"
      }
    },
    "create-hmac": {
      "version": "1.1.7",
      "resolved": "https://artifactory.dev.janitza.cloud/artifactory/api/npm/npm-all/create-hmac/-/create-hmac-1.1.7.tgz",
      "integrity": "sha1-aRcMeLOrlXFHsriwRXLkfq0iQ/8=",
      "requires": {
        "cipher-base": "^1.0.3",
        "create-hash": "^1.1.0",
        "inherits": "^2.0.1",
        "ripemd160": "^2.0.0",
        "safe-buffer": "^5.0.1",
        "sha.js": "^2.4.8"
      }
    },
    "crypto-browserify": {
      "version": "3.12.0",
      "resolved": "https://artifactory.dev.janitza.cloud/artifactory/api/npm/npm-all/crypto-browserify/-/crypto-browserify-3.12.0.tgz",
      "integrity": "sha1-OWz58xN/A+S45TLFj2mCVOAPgOw=",
      "requires": {
        "browserify-cipher": "^1.0.0",
        "browserify-sign": "^4.0.0",
        "create-ecdh": "^4.0.0",
        "create-hash": "^1.1.0",
        "create-hmac": "^1.1.0",
        "diffie-hellman": "^5.0.0",
        "inherits": "^2.0.1",
        "pbkdf2": "^3.0.3",
        "public-encrypt": "^4.0.0",
        "randombytes": "^2.0.0",
        "randomfill": "^1.0.3"
      }
    },
    "des.js": {
      "version": "1.0.1",
      "resolved": "https://artifactory.dev.janitza.cloud/artifactory/api/npm/npm-all/des.js/-/des.js-1.0.1.tgz",
      "integrity": "sha1-U4IULhvcU/hdhtU+X0qn3rkeCEM=",
      "requires": {
        "inherits": "^2.0.1",
        "minimalistic-assert": "^1.0.0"
      }
    },
    "diffie-hellman": {
      "version": "5.0.3",
      "resolved": "https://artifactory.dev.janitza.cloud/artifactory/api/npm/npm-all/diffie-hellman/-/diffie-hellman-5.0.3.tgz",
      "integrity": "sha1-QOjumPVaIUlgcUaSHGPhrl89KHU=",
      "requires": {
        "bn.js": "^4.1.0",
        "miller-rabin": "^4.0.0",
        "randombytes": "^2.0.0"
      },
      "dependencies": {
        "bn.js": {
          "version": "4.11.8",
          "resolved": "https://artifactory.dev.janitza.cloud/artifactory/api/npm/npm-all/bn.js/-/bn.js-4.11.8.tgz",
          "integrity": "sha1-LN4J617jQfSEdGuwMJsyU7GxRC8="
        }
      }
    },
    "domain-browser": {
      "version": "1.2.0",
      "resolved": "https://artifactory.dev.janitza.cloud/artifactory/api/npm/npm-all/domain-browser/-/domain-browser-1.2.0.tgz",
      "integrity": "sha1-PTH1AZGmdJ3RN1p/Ui6CPULlTto="
    },
    "elliptic": {
      "version": "6.5.4",
      "resolved": "https://registry.npmjs.org/elliptic/-/elliptic-6.5.4.tgz",
      "integrity": "sha512-iLhC6ULemrljPZb+QutR5TQGB+pdW6KGD5RSegS+8sorOZT+rdQFbsQFJgvN3eRqNALqJer4oQ16YvJHlU8hzQ==",
      "requires": {
        "bn.js": "^4.11.9",
        "brorand": "^1.1.0",
        "hash.js": "^1.0.0",
        "hmac-drbg": "^1.0.1",
        "inherits": "^2.0.4",
        "minimalistic-assert": "^1.0.1",
        "minimalistic-crypto-utils": "^1.0.1"
      },
      "dependencies": {
        "bn.js": {
          "version": "4.12.0",
          "resolved": "https://registry.npmjs.org/bn.js/-/bn.js-4.12.0.tgz",
          "integrity": "sha512-c98Bf3tPniI+scsdk237ku1Dc3ujXQTSgyiPUDEOe7tRkhrqridvh8klBv0HCEso1OLOYcHuCv/cS6DNxKH+ZA=="
        },
        "inherits": {
          "version": "2.0.4",
          "resolved": "https://registry.npmjs.org/inherits/-/inherits-2.0.4.tgz",
          "integrity": "sha512-k/vGaX4/Yla3WzyMCvTQOXYeIHvqOKtnqBduzTHpzpQZzAskKMhZ2K+EnBiSM9zGSoIFeMpXKxa4dYeZIQqewQ=="
        }
      }
    },
    "events": {
      "version": "3.1.0",
      "resolved": "https://artifactory.dev.janitza.cloud/artifactory/api/npm/npm-all/events/-/events-3.1.0.tgz",
      "integrity": "sha1-hCea8bNMt1qoi/X/KR9tC9mzGlk="
    },
    "evp_bytestokey": {
      "version": "1.0.3",
      "resolved": "https://artifactory.dev.janitza.cloud/artifactory/api/npm/npm-all/evp_bytestokey/-/evp_bytestokey-1.0.3.tgz",
      "integrity": "sha1-f8vbGY3HGVlDLv4ThCaE4FJaywI=",
      "requires": {
        "md5.js": "^1.3.4",
        "safe-buffer": "^5.1.1"
      }
    },
    "hash-base": {
      "version": "3.1.0",
      "resolved": "https://artifactory.dev.janitza.cloud/artifactory/api/npm/npm-all/hash-base/-/hash-base-3.1.0.tgz",
      "integrity": "sha1-VcOB2eBuHSmXqIO0o/3f5/DTrzM=",
      "requires": {
        "inherits": "^2.0.4",
        "readable-stream": "^3.6.0",
        "safe-buffer": "^5.2.0"
      },
      "dependencies": {
        "inherits": {
          "version": "2.0.4",
          "resolved": "https://artifactory.dev.janitza.cloud/artifactory/api/npm/npm-all/inherits/-/inherits-2.0.4.tgz",
          "integrity": "sha1-D6LGT5MpF8NDOg3tVTY6rjdBa3w="
        },
        "readable-stream": {
          "version": "3.6.0",
          "resolved": "https://artifactory.dev.janitza.cloud/artifactory/api/npm/npm-all/readable-stream/-/readable-stream-3.6.0.tgz",
          "integrity": "sha1-M3u9o63AcGvT4CRCaihtS0sskZg=",
          "requires": {
            "inherits": "^2.0.3",
            "string_decoder": "^1.1.1",
            "util-deprecate": "^1.0.1"
          }
        }
      }
    },
    "hash.js": {
      "version": "1.1.7",
      "resolved": "https://artifactory.dev.janitza.cloud/artifactory/api/npm/npm-all/hash.js/-/hash.js-1.1.7.tgz",
      "integrity": "sha1-C6vKU46NTuSg+JiNaIZlN6ADz0I=",
      "requires": {
        "inherits": "^2.0.3",
        "minimalistic-assert": "^1.0.1"
      },
      "dependencies": {
        "inherits": {
          "version": "2.0.4",
          "resolved": "https://artifactory.dev.janitza.cloud/artifactory/api/npm/npm-all/inherits/-/inherits-2.0.4.tgz",
          "integrity": "sha1-D6LGT5MpF8NDOg3tVTY6rjdBa3w="
        }
      }
    },
    "hmac-drbg": {
      "version": "1.0.1",
      "resolved": "https://artifactory.dev.janitza.cloud/artifactory/api/npm/npm-all/hmac-drbg/-/hmac-drbg-1.0.1.tgz",
      "integrity": "sha1-0nRXAQJabHdabFRXk+1QL8DGSaE=",
      "requires": {
        "hash.js": "^1.0.3",
        "minimalistic-assert": "^1.0.0",
        "minimalistic-crypto-utils": "^1.0.1"
      }
    },
    "https-browserify": {
      "version": "1.0.0",
      "resolved": "https://artifactory.dev.janitza.cloud/artifactory/api/npm/npm-all/https-browserify/-/https-browserify-1.0.0.tgz",
      "integrity": "sha1-7AbBDgo0wPL68Zn3/X/Hj//QPHM="
    },
    "ieee754": {
      "version": "1.1.13",
      "resolved": "https://artifactory.dev.janitza.cloud/artifactory/api/npm/npm-all/ieee754/-/ieee754-1.1.13.tgz",
      "integrity": "sha1-7BaFWOlaoYH9h9N/VcMrvLZwi4Q="
    },
    "inherits": {
      "version": "2.0.1",
      "resolved": "https://artifactory.dev.janitza.cloud/artifactory/api/npm/npm-all/inherits/-/inherits-2.0.1.tgz",
      "integrity": "sha1-sX0I0ya0Qj5Wjv9xn5GwscvfafE="
    },
    "isarray": {
      "version": "1.0.0",
      "resolved": "https://artifactory.dev.janitza.cloud/artifactory/api/npm/npm-all/isarray/-/isarray-1.0.0.tgz",
      "integrity": "sha1-u5NdSFgsuhaMBoNJV6VKPgcSTxE="
    },
    "isexe": {
      "version": "2.0.0",
      "resolved": "https://artifactory.dev.janitza.cloud/artifactory/api/npm/npm-all/isexe/-/isexe-2.0.0.tgz",
      "integrity": "sha1-6PvzdNxVb/iUehDcsFctYz8s+hA="
    },
    "js-tokens": {
      "version": "4.0.0",
      "resolved": "https://artifactory.dev.janitza.cloud/artifactory/api/npm/npm-all/js-tokens/-/js-tokens-4.0.0.tgz",
      "integrity": "sha1-GSA/tZmR35jjoocFDUZHzerzJJk="
    },
    "loose-envify": {
      "version": "1.4.0",
      "resolved": "https://artifactory.dev.janitza.cloud/artifactory/api/npm/npm-all/loose-envify/-/loose-envify-1.4.0.tgz",
      "integrity": "sha1-ce5R+nvkyuwaY4OffmgtgTLTDK8=",
      "requires": {
        "js-tokens": "^3.0.0 || ^4.0.0"
      }
    },
    "md5.js": {
      "version": "1.3.5",
      "resolved": "https://artifactory.dev.janitza.cloud/artifactory/api/npm/npm-all/md5.js/-/md5.js-1.3.5.tgz",
      "integrity": "sha1-tdB7jjIW4+J81yjXL3DR5qNCAF8=",
      "requires": {
        "hash-base": "^3.0.0",
        "inherits": "^2.0.1",
        "safe-buffer": "^5.1.2"
      }
    },
    "miller-rabin": {
      "version": "4.0.1",
      "resolved": "https://artifactory.dev.janitza.cloud/artifactory/api/npm/npm-all/miller-rabin/-/miller-rabin-4.0.1.tgz",
      "integrity": "sha1-8IA1HIZbDcViqEYpZtqlNUPHik0=",
      "requires": {
        "bn.js": "^4.0.0",
        "brorand": "^1.0.1"
      },
      "dependencies": {
        "bn.js": {
          "version": "4.11.8",
          "resolved": "https://artifactory.dev.janitza.cloud/artifactory/api/npm/npm-all/bn.js/-/bn.js-4.11.8.tgz",
          "integrity": "sha1-LN4J617jQfSEdGuwMJsyU7GxRC8="
        }
      }
    },
    "minimalistic-assert": {
      "version": "1.0.1",
      "resolved": "https://artifactory.dev.janitza.cloud/artifactory/api/npm/npm-all/minimalistic-assert/-/minimalistic-assert-1.0.1.tgz",
      "integrity": "sha1-LhlN4ERibUoQ5/f7wAznPoPk1cc="
    },
    "minimalistic-crypto-utils": {
      "version": "1.0.1",
      "resolved": "https://artifactory.dev.janitza.cloud/artifactory/api/npm/npm-all/minimalistic-crypto-utils/-/minimalistic-crypto-utils-1.0.1.tgz",
      "integrity": "sha1-9sAMHAsIIkblxNmd+4x8CDsrWCo="
    },
    "node-libs-browser": {
      "version": "2.2.1",
      "resolved": "https://artifactory.dev.janitza.cloud/artifactory/api/npm/npm-all/node-libs-browser/-/node-libs-browser-2.2.1.tgz",
      "integrity": "sha1-tk9RPRgzhiX5A0bSew0jXmMfZCU=",
      "requires": {
        "assert": "^1.1.1",
        "browserify-zlib": "^0.2.0",
        "buffer": "^4.3.0",
        "console-browserify": "^1.1.0",
        "constants-browserify": "^1.0.0",
        "crypto-browserify": "^3.11.0",
        "domain-browser": "^1.1.1",
        "events": "^3.0.0",
        "https-browserify": "^1.0.0",
        "os-browserify": "^0.3.0",
        "path-browserify": "0.0.1",
        "process": "^0.11.10",
        "punycode": "^1.2.4",
        "querystring-es3": "^0.2.0",
        "readable-stream": "^2.3.3",
        "stream-browserify": "^2.0.1",
        "stream-http": "^2.7.2",
        "string_decoder": "^1.0.0",
        "timers-browserify": "^2.0.4",
        "tty-browserify": "0.0.0",
        "url": "^0.11.0",
        "util": "^0.11.0",
        "vm-browserify": "^1.0.1"
      }
    },
    "object-assign": {
      "version": "4.1.1",
      "resolved": "https://artifactory.dev.janitza.cloud/artifactory/api/npm/npm-all/object-assign/-/object-assign-4.1.1.tgz",
      "integrity": "sha1-IQmtx5ZYh8/AXLvUQsrIv7s2CGM="
    },
    "os-browserify": {
      "version": "0.3.0",
      "resolved": "https://artifactory.dev.janitza.cloud/artifactory/api/npm/npm-all/os-browserify/-/os-browserify-0.3.0.tgz",
      "integrity": "sha1-hUNzx/XCMVkU/Jv8a9gjj92h7Cc="
    },
    "pako": {
      "version": "1.0.11",
      "resolved": "https://artifactory.dev.janitza.cloud/artifactory/api/npm/npm-all/pako/-/pako-1.0.11.tgz",
      "integrity": "sha1-bJWZ00DVTf05RjgCUqNXBaa5kr8="
    },
    "parse-asn1": {
      "version": "5.1.5",
      "resolved": "https://artifactory.dev.janitza.cloud/artifactory/api/npm/npm-all/parse-asn1/-/parse-asn1-5.1.5.tgz",
      "integrity": "sha1-ADJxND2ljclMrOSU+u89IUfs6g4=",
      "requires": {
        "asn1.js": "^4.0.0",
        "browserify-aes": "^1.0.0",
        "create-hash": "^1.1.0",
        "evp_bytestokey": "^1.0.0",
        "pbkdf2": "^3.0.3",
        "safe-buffer": "^5.1.1"
      }
    },
    "path-browserify": {
      "version": "0.0.1",
      "resolved": "https://artifactory.dev.janitza.cloud/artifactory/api/npm/npm-all/path-browserify/-/path-browserify-0.0.1.tgz",
      "integrity": "sha1-5sTd1+06onxoogzE5Q4aTug7vEo="
    },
    "pbkdf2": {
      "version": "3.0.17",
      "resolved": "https://artifactory.dev.janitza.cloud/artifactory/api/npm/npm-all/pbkdf2/-/pbkdf2-3.0.17.tgz",
      "integrity": "sha1-l2wgZTBhexTrsyEUI597CTNuk6Y=",
      "requires": {
        "create-hash": "^1.1.2",
        "create-hmac": "^1.1.4",
        "ripemd160": "^2.0.1",
        "safe-buffer": "^5.0.1",
        "sha.js": "^2.4.8"
      }
    },
    "process": {
      "version": "0.11.10",
      "resolved": "https://artifactory.dev.janitza.cloud/artifactory/api/npm/npm-all/process/-/process-0.11.10.tgz",
      "integrity": "sha1-czIwDoQBYb2j5podHZGn1LwW8YI="
    },
    "process-nextick-args": {
      "version": "2.0.1",
      "resolved": "https://artifactory.dev.janitza.cloud/artifactory/api/npm/npm-all/process-nextick-args/-/process-nextick-args-2.0.1.tgz",
      "integrity": "sha1-eCDZsWEgzFXKmud5JoCufbptf+I="
    },
    "prop-types": {
      "version": "15.7.2",
      "resolved": "https://artifactory.dev.janitza.cloud/artifactory/api/npm/npm-all/prop-types/-/prop-types-15.7.2.tgz",
      "integrity": "sha1-UsQedbjIfnK52TYOAga5ncv/psU=",
      "requires": {
        "loose-envify": "^1.4.0",
        "object-assign": "^4.1.1",
        "react-is": "^16.8.1"
      }
    },
    "public-encrypt": {
      "version": "4.0.3",
      "resolved": "https://artifactory.dev.janitza.cloud/artifactory/api/npm/npm-all/public-encrypt/-/public-encrypt-4.0.3.tgz",
      "integrity": "sha1-T8ydd6B+SLp1J+fL4N4z0HATMeA=",
      "requires": {
        "bn.js": "^4.1.0",
        "browserify-rsa": "^4.0.0",
        "create-hash": "^1.1.0",
        "parse-asn1": "^5.0.0",
        "randombytes": "^2.0.1",
        "safe-buffer": "^5.1.2"
      },
      "dependencies": {
        "bn.js": {
          "version": "4.11.8",
          "resolved": "https://artifactory.dev.janitza.cloud/artifactory/api/npm/npm-all/bn.js/-/bn.js-4.11.8.tgz",
          "integrity": "sha1-LN4J617jQfSEdGuwMJsyU7GxRC8="
        }
      }
    },
    "punycode": {
      "version": "1.4.1",
      "resolved": "https://artifactory.dev.janitza.cloud/artifactory/api/npm/npm-all/punycode/-/punycode-1.4.1.tgz",
      "integrity": "sha1-wNWmOycYgArY4esPpSachN1BhF4="
    },
    "querystring": {
      "version": "0.2.0",
      "resolved": "https://artifactory.dev.janitza.cloud/artifactory/api/npm/npm-all/querystring/-/querystring-0.2.0.tgz",
      "integrity": "sha1-sgmEkgO7Jd+CDadW50cAWHhSFiA="
    },
    "querystring-es3": {
      "version": "0.2.1",
      "resolved": "https://artifactory.dev.janitza.cloud/artifactory/api/npm/npm-all/querystring-es3/-/querystring-es3-0.2.1.tgz",
      "integrity": "sha1-nsYfeQSYdXB9aUFFlv2Qek1xHnM="
    },
    "randombytes": {
      "version": "2.1.0",
      "resolved": "https://artifactory.dev.janitza.cloud/artifactory/api/npm/npm-all/randombytes/-/randombytes-2.1.0.tgz",
      "integrity": "sha1-32+ENy8CcNxlzfYpE0mrekc9Tyo=",
      "requires": {
        "safe-buffer": "^5.1.0"
      }
    },
    "randomfill": {
      "version": "1.0.4",
      "resolved": "https://artifactory.dev.janitza.cloud/artifactory/api/npm/npm-all/randomfill/-/randomfill-1.0.4.tgz",
      "integrity": "sha1-ySGW/IarQr6YPxvzF3giSTHWFFg=",
      "requires": {
        "randombytes": "^2.0.5",
        "safe-buffer": "^5.1.0"
      }
    },
    "react": {
      "version": "16.13.1",
      "resolved": "https://artifactory.dev.janitza.cloud/artifactory/api/npm/npm-all/react/-/react-16.13.1.tgz",
      "integrity": "sha1-LoGIIvGpdDEiwGPWQQ2FweOv5I4=",
      "requires": {
        "loose-envify": "^1.1.0",
        "object-assign": "^4.1.1",
        "prop-types": "^15.6.2"
      }
    },
    "react-dom": {
      "version": "16.13.1",
      "resolved": "https://artifactory.dev.janitza.cloud/artifactory/api/npm/npm-all/react-dom/-/react-dom-16.13.1.tgz",
      "integrity": "sha1-wb03MxoEhsB47lTEdAcgmTsuDn8=",
      "requires": {
        "loose-envify": "^1.1.0",
        "object-assign": "^4.1.1",
        "prop-types": "^15.6.2",
        "scheduler": "^0.19.1"
      }
    },
    "react-is": {
      "version": "16.13.1",
      "resolved": "https://artifactory.dev.janitza.cloud/artifactory/api/npm/npm-all/react-is/-/react-is-16.13.1.tgz",
      "integrity": "sha1-eJcppNw23imZ3BVt1sHZwYzqVqQ="
    },
    "readable-stream": {
      "version": "2.3.7",
      "resolved": "https://artifactory.dev.janitza.cloud/artifactory/api/npm/npm-all/readable-stream/-/readable-stream-2.3.7.tgz",
      "integrity": "sha1-Hsoc9xGu+BTAT2IlKjamL2yyO1c=",
      "requires": {
        "core-util-is": "~1.0.0",
        "inherits": "~2.0.3",
        "isarray": "~1.0.0",
        "process-nextick-args": "~2.0.0",
        "safe-buffer": "~5.1.1",
        "string_decoder": "~1.1.1",
        "util-deprecate": "~1.0.1"
      },
      "dependencies": {
        "inherits": {
          "version": "2.0.4",
          "resolved": "https://artifactory.dev.janitza.cloud/artifactory/api/npm/npm-all/inherits/-/inherits-2.0.4.tgz",
          "integrity": "sha1-D6LGT5MpF8NDOg3tVTY6rjdBa3w="
        },
        "safe-buffer": {
          "version": "5.1.2",
          "resolved": "https://artifactory.dev.janitza.cloud/artifactory/api/npm/npm-all/safe-buffer/-/safe-buffer-5.1.2.tgz",
          "integrity": "sha1-mR7GnSluAxN0fVm9/St0XDX4go0="
        },
        "string_decoder": {
          "version": "1.1.1",
          "resolved": "https://artifactory.dev.janitza.cloud/artifactory/api/npm/npm-all/string_decoder/-/string_decoder-1.1.1.tgz",
          "integrity": "sha1-nPFhG6YmhdcDCunkujQUnDrwP8g=",
          "requires": {
            "safe-buffer": "~5.1.0"
          }
        }
      }
    },
    "readline-sync": {
      "version": "1.4.10",
      "resolved": "https://artifactory.dev.janitza.cloud/artifactory/api/npm/npm-all/readline-sync/-/readline-sync-1.4.10.tgz",
      "integrity": "sha1-Qd9/u0tjEtZzARWUFFcFv1bYhzs="
    },
    "ripemd160": {
      "version": "2.0.2",
      "resolved": "https://artifactory.dev.janitza.cloud/artifactory/api/npm/npm-all/ripemd160/-/ripemd160-2.0.2.tgz",
      "integrity": "sha1-ocGm9iR1FXe6XQeRTLyShQWFiQw=",
      "requires": {
        "hash-base": "^3.0.0",
        "inherits": "^2.0.1"
      }
    },
    "safe-buffer": {
      "version": "5.2.0",
      "resolved": "https://artifactory.dev.janitza.cloud/artifactory/api/npm/npm-all/safe-buffer/-/safe-buffer-5.2.0.tgz",
      "integrity": "sha1-t02uxJsRSPiMZLaNSbHoFcHy9Rk="
    },
    "scheduler": {
      "version": "0.19.1",
      "resolved": "https://artifactory.dev.janitza.cloud/artifactory/api/npm/npm-all/scheduler/-/scheduler-0.19.1.tgz",
      "integrity": "sha1-Tz4u0sGn1laB9MhU+oxaHMtA8ZY=",
      "requires": {
        "loose-envify": "^1.1.0",
        "object-assign": "^4.1.1"
      }
    },
    "setimmediate": {
      "version": "1.0.5",
      "resolved": "https://artifactory.dev.janitza.cloud/artifactory/api/npm/npm-all/setimmediate/-/setimmediate-1.0.5.tgz",
      "integrity": "sha1-KQy7Iy4waULX1+qbg3Mqt4VvgoU="
    },
    "sha.js": {
      "version": "2.4.11",
      "resolved": "https://artifactory.dev.janitza.cloud/artifactory/api/npm/npm-all/sha.js/-/sha.js-2.4.11.tgz",
      "integrity": "sha1-N6XPC4HsvGlD3hCbopYNGyZYSuc=",
      "requires": {
        "inherits": "^2.0.1",
        "safe-buffer": "^5.0.1"
      }
    },
    "shadow-cljs": {
      "version": "2.8.110",
      "resolved": "https://artifactory.dev.janitza.cloud/artifactory/api/npm/npm-all/shadow-cljs/-/shadow-cljs-2.8.110.tgz",
      "integrity": "sha1-dlW38nxbMbrUZukKpjumHB5VG3c=",
      "requires": {
        "node-libs-browser": "^2.0.0",
        "readline-sync": "^1.4.7",
        "shadow-cljs-jar": "1.3.2",
        "source-map-support": "^0.4.15",
        "which": "^1.3.1",
        "ws": "^3.0.0"
      }
    },
    "shadow-cljs-jar": {
      "version": "1.3.2",
      "resolved": "https://artifactory.dev.janitza.cloud/artifactory/api/npm/npm-all/shadow-cljs-jar/-/shadow-cljs-jar-1.3.2.tgz",
      "integrity": "sha1-lyc6/hdHtqIxGRfByI2eJDyBlXs="
    },
    "source-map": {
      "version": "0.5.7",
      "resolved": "https://artifactory.dev.janitza.cloud/artifactory/api/npm/npm-all/source-map/-/source-map-0.5.7.tgz",
      "integrity": "sha1-igOdLRAh0i0eoUyA2OpGi6LvP8w="
    },
    "source-map-support": {
      "version": "0.4.18",
      "resolved": "https://artifactory.dev.janitza.cloud/artifactory/api/npm/npm-all/source-map-support/-/source-map-support-0.4.18.tgz",
      "integrity": "sha1-Aoam3ovkJkEzhZTpfM6nXwosWF8=",
      "requires": {
        "source-map": "^0.5.6"
      }
    },
    "stream-browserify": {
      "version": "2.0.2",
      "resolved": "https://artifactory.dev.janitza.cloud/artifactory/api/npm/npm-all/stream-browserify/-/stream-browserify-2.0.2.tgz",
      "integrity": "sha1-h1IdOKRKp+6RzhzSpH3wy0ndZgs=",
      "requires": {
        "inherits": "~2.0.1",
        "readable-stream": "^2.0.2"
      }
    },
    "stream-http": {
      "version": "2.8.3",
      "resolved": "https://artifactory.dev.janitza.cloud/artifactory/api/npm/npm-all/stream-http/-/stream-http-2.8.3.tgz",
      "integrity": "sha1-stJCRpKIpaJ+xP6JM6z2I95lFPw=",
      "requires": {
        "builtin-status-codes": "^3.0.0",
        "inherits": "^2.0.1",
        "readable-stream": "^2.3.6",
        "to-arraybuffer": "^1.0.0",
        "xtend": "^4.0.0"
      }
    },
    "string_decoder": {
      "version": "1.3.0",
      "resolved": "https://artifactory.dev.janitza.cloud/artifactory/api/npm/npm-all/string_decoder/-/string_decoder-1.3.0.tgz",
      "integrity": "sha1-QvEUWUpGzxqOMLCoT1bHjD7awh4=",
      "requires": {
        "safe-buffer": "~5.2.0"
      }
    },
    "timers-browserify": {
      "version": "2.0.11",
      "resolved": "https://artifactory.dev.janitza.cloud/artifactory/api/npm/npm-all/timers-browserify/-/timers-browserify-2.0.11.tgz",
      "integrity": "sha1-gAsfPu4nLlvFPuRloE0OgEwxIR8=",
      "requires": {
        "setimmediate": "^1.0.4"
      }
    },
    "to-arraybuffer": {
      "version": "1.0.1",
      "resolved": "https://artifactory.dev.janitza.cloud/artifactory/api/npm/npm-all/to-arraybuffer/-/to-arraybuffer-1.0.1.tgz",
      "integrity": "sha1-fSKbH8xjfkZsoIEYCDanqr/4P0M="
    },
    "tty-browserify": {
      "version": "0.0.0",
      "resolved": "https://artifactory.dev.janitza.cloud/artifactory/api/npm/npm-all/tty-browserify/-/tty-browserify-0.0.0.tgz",
      "integrity": "sha1-oVe6QC2iTpv5V/mqadUk7tQpAaY="
    },
    "ultron": {
      "version": "1.1.1",
      "resolved": "https://artifactory.dev.janitza.cloud/artifactory/api/npm/npm-all/ultron/-/ultron-1.1.1.tgz",
      "integrity": "sha1-n+FTahCmZKZSZqHjzPhf02MCvJw="
    },
    "url": {
      "version": "0.11.0",
      "resolved": "https://artifactory.dev.janitza.cloud/artifactory/api/npm/npm-all/url/-/url-0.11.0.tgz",
      "integrity": "sha1-ODjpfPxgUh63PFJajlW/3Z4uKPE=",
      "requires": {
        "punycode": "1.3.2",
        "querystring": "0.2.0"
      },
      "dependencies": {
        "punycode": {
          "version": "1.3.2",
          "resolved": "https://artifactory.dev.janitza.cloud/artifactory/api/npm/npm-all/punycode/-/punycode-1.3.2.tgz",
          "integrity": "sha1-llOgNvt8HuQjQvIyXM7v6jkmxI0="
        }
      }
    },
    "util": {
      "version": "0.11.1",
      "resolved": "https://artifactory.dev.janitza.cloud/artifactory/api/npm/npm-all/util/-/util-0.11.1.tgz",
      "integrity": "sha1-MjZzNyDsZLsn9uJvQhqqLhtYjWE=",
      "requires": {
        "inherits": "2.0.3"
      },
      "dependencies": {
        "inherits": {
          "version": "2.0.3",
          "resolved": "https://artifactory.dev.janitza.cloud/artifactory/api/npm/npm-all/inherits/-/inherits-2.0.3.tgz",
          "integrity": "sha1-Yzwsg+PaQqUC9SRmAiSA9CCCYd4="
        }
      }
    },
    "util-deprecate": {
      "version": "1.0.2",
      "resolved": "https://artifactory.dev.janitza.cloud/artifactory/api/npm/npm-all/util-deprecate/-/util-deprecate-1.0.2.tgz",
      "integrity": "sha1-RQ1Nyfpw3nMnYvvS1KKJgUGaDM8="
    },
    "vm-browserify": {
      "version": "1.1.2",
      "resolved": "https://artifactory.dev.janitza.cloud/artifactory/api/npm/npm-all/vm-browserify/-/vm-browserify-1.1.2.tgz",
      "integrity": "sha1-eGQcSIuObKkadfUR56OzKobl3aA="
    },
    "which": {
      "version": "1.3.1",
      "resolved": "https://artifactory.dev.janitza.cloud/artifactory/api/npm/npm-all/which/-/which-1.3.1.tgz",
      "integrity": "sha1-pFBD1U9YBTFtqNYvn1CRjT2nCwo=",
      "requires": {
        "isexe": "^2.0.0"
      }
    },
    "ws": {
      "version": "3.3.3",
      "resolved": "https://artifactory.dev.janitza.cloud/artifactory/api/npm/npm-all/ws/-/ws-3.3.3.tgz",
      "integrity": "sha1-8c+E/i1ekB686U767OeF8YeiKPI=",
      "requires": {
        "async-limiter": "~1.0.0",
        "safe-buffer": "~5.1.0",
        "ultron": "~1.1.0"
      },
      "dependencies": {
        "safe-buffer": {
          "version": "5.1.2",
          "resolved": "https://artifactory.dev.janitza.cloud/artifactory/api/npm/npm-all/safe-buffer/-/safe-buffer-5.1.2.tgz",
          "integrity": "sha1-mR7GnSluAxN0fVm9/St0XDX4go0="
        }
      }
    },
    "xtend": {
      "version": "4.0.2",
      "resolved": "https://artifactory.dev.janitza.cloud/artifactory/api/npm/npm-all/xtend/-/xtend-4.0.2.tgz",
      "integrity": "sha1-u3J3n1+kZRhrH0OPZ0+jR/2121Q="
    }
  }
}
